
Microsoft Visual Studio Solution File, Format Version 12.00
# Visual Studio Version 17
VisualStudioVersion = 17.7.34031.279
MinimumVisualStudioVersion = 10.0.40219.1
Project("{FAE04EC0-301F-11D3-BF4B-00C04F79EFBC}") = "pantalla10", "pantalla10.csproj", "{86823957-D8E9-4E31-B79F-EDCE87D10449}"
EndProject
Global
	GlobalSection(SolutionConfigurationPlatforms) = preSolution
		Debug|Any CPU = Debug|Any CPU
		Release|Any CPU = Release|Any CPU
	EndGlobalSection
	GlobalSection(ProjectConfigurationPlatforms) = postSolution
		{86823957-D8E9-4E31-B79F-EDCE87D10449}.Debug|Any CPU.ActiveCfg = Debug|Any CPU
		{86823957-D8E9-4E31-B79F-EDCE87D10449}.Debug|Any CPU.Build.0 = Debug|Any CPU
		{86823957-D8E9-4E31-B79F-EDCE87D10449}.Release|Any CPU.ActiveCfg = Release|Any CPU
		{86823957-D8E9-4E31-B79F-EDCE87D10449}.Release|Any CPU.Build.0 = Release|Any CPU
	EndGlobalSection
	GlobalSection(SolutionProperties) = preSolution
		HideSolutionNode = FALSE
	EndGlobalSection
	GlobalSection(ExtensibilityGlobals) = postSolution
		SolutionGuid = {5D3A97EE-E1E6-4E95-96C3-48679A4EFC08}
	EndGlobalSection
EndGlobal
